
Microsoft Visual Studio Solution File, Format Version 12.00
# Visual Studio 2012
Project("{8BC9CEB8-8B4A-11D0-8D11-00A0C91BC942}") = "set-w32-native-thread-name", "set-w32-native-thread-name.vcxproj", "{7AD56090-67B7-4F4B-A1D0-FE0D65A28B35}"
EndProject
Global
	GlobalSection(SolutionConfigurationPlatforms) = preSolution
		Debug|Win32 = Debug|Win32
		Release|Win32 = Release|Win32
	EndGlobalSection
	GlobalSection(ProjectConfigurationPlatforms) = postSolution
		{7AD56090-67B7-4F4B-A1D0-FE0D65A28B35}.Debug|Win32.ActiveCfg = Debug|Win32
		{7AD56090-67B7-4F4B-A1D0-FE0D65A28B35}.Debug|Win32.Build.0 = Debug|Win32
		{7AD56090-67B7-4F4B-A1D0-FE0D65A28B35}.Release|Win32.ActiveCfg = Release|Win32
		{7AD56090-67B7-4F4B-A1D0-FE0D65A28B35}.Release|Win32.Build.0 = Release|Win32
	EndGlobalSection
	GlobalSection(SolutionProperties) = preSolution
		HideSolutionNode = FALSE
	EndGlobalSection
EndGlobal
